// !$*UTF8*$!
{
	archiveVersion = 1;
	classes = {
	};
	objectVersion = 50;
	objects = {

/* Begin PBXBuildFile section */
		B3BCC513251DB74B001F3963 /* AppDelegate.swift in Sources */ = {isa = PBXBuildFile; fileRef = B3BCC512251DB74B001F3963 /* AppDelegate.swift */; };
		B3BCC515251DB74B001F3963 /* SceneDelegate.swift in Sources */ = {isa = PBXBuildFile; fileRef = B3BCC514251DB74B001F3963 /* SceneDelegate.swift */; };
		B3BCC517251DB74B001F3963 /* ViewController.swift in Sources */ = {isa = PBXBuildFile; fileRef = B3BCC516251DB74B001F3963 /* ViewController.swift */; };
		B3BCC51A251DB74B001F3963 /* Main.storyboard in Resources */ = {isa = PBXBuildFile; fileRef = B3BCC518251DB74B001F3963 /* Main.storyboard */; };
		B3BCC51C251DB74D001F3963 /* Assets.xcassets in Resources */ = {isa = PBXBuildFile; fileRef = B3BCC51B251DB74D001F3963 /* Assets.xcassets */; };
		B3BCC51F251DB74D001F3963 /* LaunchScreen.storyboard in Resources */ = {isa = PBXBuildFile; fileRef = B3BCC51D251DB74D001F3963 /* LaunchScreen.storyboard */; };
		B3BCC52A251DB74D001F3963 /* QuizGameTests.swift in Sources */ = {isa = PBXBuildFile; fileRef = B3BCC529251DB74D001F3963 /* QuizGameTests.swift */; };
		B3BCC535251DB74D001F3963 /* QuizGameUITests.swift in Sources */ = {isa = PBXBuildFile; fileRef = B3BCC534251DB74D001F3963 /* QuizGameUITests.swift */; };
/* End PBXBuildFile section */

/* Begin PBXContainerItemProxy section */
		B3BCC526251DB74D001F3963 /* PBXContainerItemProxy */ = {
			isa = PBXContainerItemProxy;
			containerPortal = B3BCC507251DB74B001F3963 /* Project object */;
			proxyType = 1;
			remoteGlobalIDString = B3BCC50E251DB74B001F3963;
			remoteInfo = QuizGame;
		};
		B3BCC531251DB74D001F3963 /* PBXContainerItemProxy */ = {
			isa = PBXContainerItemProxy;
			containerPortal = B3BCC507251DB74B001F3963 /* Project object */;
			proxyType = 1;
			remoteGlobalIDString = B3BCC50E251DB74B001F3963;
			remoteInfo = QuizGame;
		};
/* End PBXContainerItemProxy section */

/* Begin PBXFileReference section */
		B3BCC50F251DB74B001F3963 /* QuizGame.app */ = {isa = PBXFileReference; explicitFileType = wrapper.application; includeInIndex = 0; path = QuizGame.app; sourceTree = BUILT_PRODUCTS_DIR; };
		B3BCC512251DB74B001F3963 /* AppDelegate.swift */ = {isa = PBXFileReference; lastKnownFileType = sourcecode.swift; path = AppDelegate.swift; sourceTree = "<group>"; };
		B3BCC514251DB74B001F3963 /* SceneDelegate.swift */ = {isa = PBXFileReference; lastKnownFileType = sourcecode.swift; path = SceneDelegate.swift; sourceTree = "<group>"; };
		B3BCC516251DB74B001F3963 /* ViewController.swift */ = {isa = PBXFileReference; lastKnownFileType = sourcecode.swift; path = ViewController.swift; sourceTree = "<group>"; };
		B3BCC519251DB74B001F3963 /* Base */ = {isa = PBXFileReference; lastKnownFileType = file.storyboard; name = Base; path = Base.lproj/Main.storyboard; sourceTree = "<group>"; };
		B3BCC51B251DB74D001F3963 /* Assets.xcassets */ = {isa = PBXFileReference; lastKnownFileType = folder.assetcatalog; path = Assets.xcassets; sourceTree = "<group>"; };
		B3BCC51E251DB74D001F3963 /* Base */ = {isa = PBXFileReference; lastKnownFileType = file.storyboard; name = Base; path = Base.lproj/LaunchScreen.storyboard; sourceTree = "<group>"; };
		B3BCC520251DB74D001F3963 /* Info.plist */ = {isa = PBXFileReference; lastKnownFileType = text.plist.xml; path = Info.plist; sourceTree = "<group>"; };
		B3BCC525251DB74D001F3963 /* QuizGameTests.xctest */ = {isa = PBXFileReference; explicitFileType = wrapper.cfbundle; includeInIndex = 0; path = QuizGameTests.xctest; sourceTree = BUILT_PRODUCTS_DIR; };
		B3BCC529251DB74D001F3963 /* QuizGameTests.swift */ = {isa = PBXFileReference; lastKnownFileType = sourcecode.swift; path = QuizGameTests.swift; sourceTree = "<group>"; };
		B3BCC52B251DB74D001F3963 /* Info.plist */ = {isa = PBXFileReference; lastKnownFileType = text.plist.xml; path = Info.plist; sourceTree = "<group>"; };
		B3BCC530251DB74D001F3963 /* QuizGameUITests.xctest */ = {isa = PBXFileReference; explicitFileType = wrapper.cfbundle; includeInIndex = 0; path = QuizGameUITests.xctest; sourceTree = BUILT_PRODUCTS_DIR; };
		B3BCC534251DB74D001F3963 /* QuizGameUITests.swift */ = {isa = PBXFileReference; lastKnownFileType = sourcecode.swift; path = QuizGameUITests.swift; sourceTree = "<group>"; };
		B3BCC536251DB74D001F3963 /* Info.plist */ = {isa = PBXFileReference; lastKnownFileType = text.plist.xml; path = Info.plist; sourceTree = "<group>"; };
/* End PBXFileReference section */

/* Begin PBXFrameworksBuildPhase section */
		B3BCC50C251DB74B001F3963 /* Frameworks */ = {
			isa = PBXFrameworksBuildPhase;
			buildActionMask = 2147483647;
			files = (
			);
			runOnlyForDeploymentPostprocessing = 0;
		};
		B3BCC522251DB74D001F3963 /* Frameworks */ = {
			isa = PBXFrameworksBuildPhase;
			buildActionMask = 2147483647;
			files = (
			);
			runOnlyForDeploymentPostprocessing = 0;
		};
		B3BCC52D251DB74D001F3963 /* Frameworks */ = {
			isa = PBXFrameworksBuildPhase;
			buildActionMask = 2147483647;
			files = (
			);
			runOnlyForDeploymentPostprocessing = 0;
		};
/* End PBXFrameworksBuildPhase section */

/* Begin PBXGroup section */
		B3BCC506251DB74B001F3963 = {
			isa = PBXGroup;
			children = (
				B3BCC511251DB74B001F3963 /* QuizGame */,
				B3BCC528251DB74D001F3963 /* QuizGameTests */,
				B3BCC533251DB74D001F3963 /* QuizGameUITests */,
				B3BCC510251DB74B001F3963 /* Products */,
			);
			sourceTree = "<group>";
		};
		B3BCC510251DB74B001F3963 /* Products */ = {
			isa = PBXGroup;
			children = (
				B3BCC50F251DB74B001F3963 /* QuizGame.app */,
				B3BCC525251DB74D001F3963 /* QuizGameTests.xctest */,
				B3BCC530251DB74D001F3963 /* QuizGameUITests.xctest */,
			);
			name = Products;
			sourceTree = "<group>";
		};
		B3BCC511251DB74B001F3963 /* QuizGame */ = {
			isa = PBXGroup;
			children = (
				B3BCC512251DB74B001F3963 /* AppDelegate.swift */,
				B3BCC514251DB74B001F3963 /* SceneDelegate.swift */,
				B3BCC516251DB74B001F3963 /* ViewController.swift */,
				B3BCC518251DB74B001F3963 /* Main.storyboard */,
				B3BCC51B251DB74D001F3963 /* Assets.xcassets */,
				B3BCC51D251DB74D001F3963 /* LaunchScreen.storyboard */,
				B3BCC520251DB74D001F3963 /* Info.plist */,
			);
			path = QuizGame;
			sourceTree = "<group>";
		};
		B3BCC528251DB74D001F3963 /* QuizGameTests */ = {
			isa = PBXGroup;
			children = (
				B3BCC529251DB74D001F3963 /* QuizGameTests.swift */,
				B3BCC52B251DB74D001F3963 /* Info.plist */,
			);
			path = QuizGameTests;
			sourceTree = "<group>";
		};
		B3BCC533251DB74D001F3963 /* QuizGameUITests */ = {
			isa = PBXGroup;
			children = (
				B3BCC534251DB74D001F3963 /* QuizGameUITests.swift */,
				B3BCC536251DB74D001F3963 /* Info.plist */,
			);
			path = QuizGameUITests;
			sourceTree = "<group>";
		};
/* End PBXGroup section */

/* Begin PBXNativeTarget section */
		B3BCC50E251DB74B001F3963 /* QuizGame */ = {
			isa = PBXNativeTarget;
			buildConfigurationList = B3BCC539251DB74D001F3963 /* Build configuration list for PBXNativeTarget "QuizGame" */;
			buildPhases = (
				B3BCC50B251DB74B001F3963 /* Sources */,
				B3BCC50C251DB74B001F3963 /* Frameworks */,
				B3BCC50D251DB74B001F3963 /* Resources */,
			);
			buildRules = (
			);
			dependencies = (
			);
			name = QuizGame;
			productName = QuizGame;
			productReference = B3BCC50F251DB74B001F3963 /* QuizGame.app */;
			productType = "com.apple.product-type.application";
		};
		B3BCC524251DB74D001F3963 /* QuizGameTests */ = {
			isa = PBXNativeTarget;
			buildConfigurationList = B3BCC53C251DB74D001F3963 /* Build configuration list for PBXNativeTarget "QuizGameTests" */;
			buildPhases = (
				B3BCC521251DB74D001F3963 /* Sources */,
				B3BCC522251DB74D001F3963 /* Frameworks */,
				B3BCC523251DB74D001F3963 /* Resources */,
			);
			buildRules = (
			);
			dependencies = (
				B3BCC527251DB74D001F3963 /* PBXTargetDependency */,
			);
			name = QuizGameTests;
			productName = QuizGameTests;
			productReference = B3BCC525251DB74D001F3963 /* QuizGameTests.xctest */;
			productType = "com.apple.product-type.bundle.unit-test";
		};
		B3BCC52F251DB74D001F3963 /* QuizGameUITests */ = {
			isa = PBXNativeTarget;
			buildConfigurationList = B3BCC53F251DB74D001F3963 /* Build configuration list for PBXNativeTarget "QuizGameUITests" */;
			buildPhases = (
				B3BCC52C251DB74D001F3963 /* Sources */,
				B3BCC52D251DB74D001F3963 /* Frameworks */,
				B3BCC52E251DB74D001F3963 /* Resources */,
			);
			buildRules = (
			);
			dependencies = (
				B3BCC532251DB74D001F3963 /* PBXTargetDependency */,
			);
			name = QuizGameUITests;
			productName = QuizGameUITests;
			productReference = B3BCC530251DB74D001F3963 /* QuizGameUITests.xctest */;
			productType = "com.apple.product-type.bundle.ui-testing";
		};
/* End PBXNativeTarget section */

/* Begin PBXProject section */
		B3BCC507251DB74B001F3963 /* Project object */ = {
			isa = PBXProject;
			attributes = {
				LastSwiftUpdateCheck = 1200;
				LastUpgradeCheck = 1200;
				TargetAttributes = {
					B3BCC50E251DB74B001F3963 = {
						CreatedOnToolsVersion = 12.0;
					};
					B3BCC524251DB74D001F3963 = {
						CreatedOnToolsVersion = 12.0;
						TestTargetID = B3BCC50E251DB74B001F3963;
					};
					B3BCC52F251DB74D001F3963 = {
						CreatedOnToolsVersion = 12.0;
						TestTargetID = B3BCC50E251DB74B001F3963;
					};
				};
			};
			buildConfigurationList = B3BCC50A251DB74B001F3963 /* Build configuration list for PBXProject "QuizGame" */;
			compatibilityVersion = "Xcode 9.3";
			developmentRegion = en;
			hasScannedForEncodings = 0;
			knownRegions = (
				en,
				Base,
			);
			mainGroup = B3BCC506251DB74B001F3963;
			productRefGroup = B3BCC510251DB74B001F3963 /* Products */;
			projectDirPath = "";
			projectRoot = "";
			targets = (
				B3BCC50E251DB74B001F3963 /* QuizGame */,
				B3BCC524251DB74D001F3963 /* QuizGameTests */,
				B3BCC52F251DB74D001F3963 /* QuizGameUITests */,
			);
		};
/* End PBXProject section */

/* Begin PBXResourcesBuildPhase section */
		B3BCC50D251DB74B001F3963 /* Resources */ = {
			isa = PBXResourcesBuildPhase;
			buildActionMask = 2147483647;
			files = (
				B3BCC51F251DB74D001F3963 /* LaunchScreen.storyboard in Resources */,
				B3BCC51C251DB74D001F3963 /* Assets.xcassets in Resources */,
				B3BCC51A251DB74B001F3963 /* Main.storyboard in Resources */,
			);
			runOnlyForDeploymentPostprocessing = 0;
		};
		B3BCC523251DB74D001F3963 /* Resources */ = {
			isa = PBXResourcesBuildPhase;
			buildActionMask = 2147483647;
			files = (
			);
			runOnlyForDeploymentPostprocessing = 0;
		};
		B3BCC52E251DB74D001F3963 /* Resources */ = {
			isa = PBXResourcesBuildPhase;
			buildActionMask = 2147483647;
			files = (
			);
			runOnlyForDeploymentPostprocessing = 0;
		};
/* End PBXResourcesBuildPhase section */

/* Begin PBXSourcesBuildPhase section */
		B3BCC50B251DB74B001F3963 /* Sources */ = {
			isa = PBXSourcesBuildPhase;
			buildActionMask = 2147483647;
			files = (
				B3BCC517251DB74B001F3963 /* ViewController.swift in Sources */,
				B3BCC513251DB74B001F3963 /* AppDelegate.swift in Sources */,
				B3BCC515251DB74B001F3963 /* SceneDelegate.swift in Sources */,
			);
			runOnlyForDeploymentPostprocessing = 0;
		};
		B3BCC521251DB74D001F3963 /* Sources */ = {
			isa = PBXSourcesBuildPhase;
			buildActionMask = 2147483647;
			files = (
				B3BCC52A251DB74D001F3963 /* QuizGameTests.swift in Sources */,
			);
			runOnlyForDeploymentPostprocessing = 0;
		};
		B3BCC52C251DB74D001F3963 /* Sources */ = {
			isa = PBXSourcesBuildPhase;
			buildActionMask = 2147483647;
			files = (
				B3BCC535251DB74D001F3963 /* QuizGameUITests.swift in Sources */,
			);
			runOnlyForDeploymentPostprocessing = 0;
		};
/* End PBXSourcesBuildPhase section */

/* Begin PBXTargetDependency section */
		B3BCC527251DB74D001F3963 /* PBXTargetDependency */ = {
			isa = PBXTargetDependency;
			target = B3BCC50E251DB74B001F3963 /* QuizGame */;
			targetProxy = B3BCC526251DB74D001F3963 /* PBXContainerItemProxy */;
		};
		B3BCC532251DB74D001F3963 /* PBXTargetDependency */ = {
			isa = PBXTargetDependency;
			target = B3BCC50E251DB74B001F3963 /* QuizGame */;
			targetProxy = B3BCC531251DB74D001F3963 /* PBXContainerItemProxy */;
		};
/* End PBXTargetDependency section */

/* Begin PBXVariantGroup section */
		B3BCC518251DB74B001F3963 /* Main.storyboard */ = {
			isa = PBXVariantGroup;
			children = (
				B3BCC519251DB74B001F3963 /* Base */,
			);
			name = Main.storyboard;
			sourceTree = "<group>";
		};
		B3BCC51D251DB74D001F3963 /* LaunchScreen.storyboard */ = {
			isa = PBXVariantGroup;
			children = (
				B3BCC51E251DB74D001F3963 /* Base */,
			);
			name = LaunchScreen.storyboard;
			sourceTree = "<group>";
		};
/* End PBXVariantGroup section */

/* Begin XCBuildConfiguration section */
		B3BCC537251DB74D001F3963 /* Debug */ = {
			isa = XCBuildConfiguration;
			buildSettings = {
				ALWAYS_SEARCH_USER_PATHS = NO;
				CLANG_ANALYZER_NONNULL = YES;
				CLANG_ANALYZER_NUMBER_OBJECT_CONVERSION = YES_AGGRESSIVE;
				CLANG_CXX_LANGUAGE_STANDARD = "gnu++14";
				CLANG_CXX_LIBRARY = "libc++";
				CLANG_ENABLE_MODULES = YES;
				CLANG_ENABLE_OBJC_ARC = YES;
				CLANG_ENABLE_OBJC_WEAK = YES;
				CLANG_WARN_BLOCK_CAPTURE_AUTORELEASING = YES;
				CLANG_WARN_BOOL_CONVERSION = YES;
				CLANG_WARN_COMMA = YES;
				CLANG_WARN_CONSTANT_CONVERSION = YES;
				CLANG_WARN_DEPRECATED_OBJC_IMPLEMENTATIONS = YES;
				CLANG_WARN_DIRECT_OBJC_ISA_USAGE = YES_ERROR;
				CLANG_WARN_DOCUMENTATION_COMMENTS = YES;
				CLANG_WARN_EMPTY_BODY = YES;
				CLANG_WARN_ENUM_CONVERSION = YES;
				CLANG_WARN_INFINITE_RECURSION = YES;
				CLANG_WARN_INT_CONVERSION = YES;
				CLANG_WARN_NON_LITERAL_NULL_CONVERSION = YES;
				CLANG_WARN_OBJC_IMPLICIT_RETAIN_SELF = YES;
				CLANG_WARN_OBJC_LITERAL_CONVERSION = YES;
				CLANG_WARN_OBJC_ROOT_CLASS = YES_ERROR;
				CLANG_WARN_QUOTED_INCLUDE_IN_FRAMEWORK_HEADER = YES;
				CLANG_WARN_RANGE_LOOP_ANALYSIS = YES;
				CLANG_WARN_STRICT_PROTOTYPES = YES;
				CLANG_WARN_SUSPICIOUS_MOVE = YES;
				CLANG_WARN_UNGUARDED_AVAILABILITY = YES_AGGRESSIVE;
				CLANG_WARN_UNREACHABLE_CODE = YES;
				CLANG_WARN__DUPLICATE_METHOD_MATCH = YES;
				COPY_PHASE_STRIP = NO;
				DEBUG_INFORMATION_FORMAT = dwarf;
				ENABLE_STRICT_OBJC_MSGSEND = YES;
				ENABLE_TESTABILITY = YES;
				GCC_C_LANGUAGE_STANDARD = gnu11;
				GCC_DYNAMIC_NO_PIC = NO;
				GCC_NO_COMMON_BLOCKS = YES;
				GCC_OPTIMIZATION_LEVEL = 0;
				GCC_PREPROCESSOR_DEFINITIONS = (
					"DEBUG=1",
					"$(inherited)",
				);
				GCC_WARN_64_TO_32_BIT_CONVERSION = YES;
				GCC_WARN_ABOUT_RETURN_TYPE = YES_ERROR;
				GCC_WARN_UNDECLARED_SELECTOR = YES;
				GCC_WARN_UNINITIALIZED_AUTOS = YES_AGGRESSIVE;
				GCC_WARN_UNUSED_FUNCTION = YES;
				GCC_WARN_UNUSED_VARIABLE = YES;
				IPHONEOS_DEPLOYMENT_TARGET = 14.0;
				MTL_ENABLE_DEBUG_INFO = INCLUDE_SOURCE;
				MTL_FAST_MATH = YES;
				ONLY_ACTIVE_ARCH = YES;
				SDKROOT = iphoneos;
				SWIFT_ACTIVE_COMPILATION_CONDITIONS = DEBUG;
				SWIFT_OPTIMIZATION_LEVEL = "-Onone";
			};
			name = Debug;
		};
		B3BCC538251DB74D001F3963 /* Release */ = {
			isa = XCBuildConfiguration;
			buildSettings = {
				ALWAYS_SEARCH_USER_PATHS = NO;
				CLANG_ANALYZER_NONNULL = YES;
				CLANG_ANALYZER_NUMBER_OBJECT_CONVERSION = YES_AGGRESSIVE;
				CLANG_CXX_LANGUAGE_STANDARD = "gnu++14";
				CLANG_CXX_LIBRARY = "libc++";
				CLANG_ENABLE_MODULES = YES;
				CLANG_ENABLE_OBJC_ARC = YES;
				CLANG_ENABLE_OBJC_WEAK = YES;
				CLANG_WARN_BLOCK_CAPTURE_AUTORELEASING = YES;
				CLANG_WARN_BOOL_CONVERSION = YES;
				CLANG_WARN_COMMA = YES;
				CLANG_WARN_CONSTANT_CONVERSION = YES;
				CLANG_WARN_DEPRECATED_OBJC_IMPLEMENTATIONS = YES;
				CLANG_WARN_DIRECT_OBJC_ISA_USAGE = YES_ERROR;
				CLANG_WARN_DOCUMENTATION_COMMENTS = YES;
				CLANG_WARN_EMPTY_BODY = YES;
				CLANG_WARN_ENUM_CONVERSION = YES;
				CLANG_WARN_INFINITE_RECURSION = YES;
				CLANG_WARN_INT_CONVERSION = YES;
				CLANG_WARN_NON_LITERAL_NULL_CONVERSION = YES;
				CLANG_WARN_OBJC_IMPLICIT_RETAIN_SELF = YES;
				CLANG_WARN_OBJC_LITERAL_CONVERSION = YES;
				CLANG_WARN_OBJC_ROOT_CLASS = YES_ERROR;
				CLANG_WARN_QUOTED_INCLUDE_IN_FRAMEWORK_HEADER = YES;
				CLANG_WARN_RANGE_LOOP_ANALYSIS = YES;
				CLANG_WARN_STRICT_PROTOTYPES = YES;
				CLANG_WARN_SUSPICIOUS_MOVE = YES;
				CLANG_WARN_UNGUARDED_AVAILABILITY = YES_AGGRESSIVE;
				CLANG_WARN_UNREACHABLE_CODE = YES;
				CLANG_WARN__DUPLICATE_METHOD_MATCH = YES;
				COPY_PHASE_STRIP = NO;
				DEBUG_INFORMATION_FORMAT = "dwarf-with-dsym";
				ENABLE_NS_ASSERTIONS = NO;
				ENABLE_STRICT_OBJC_MSGSEND = YES;
				GCC_C_LANGUAGE_STANDARD = gnu11;
				GCC_NO_COMMON_BLOCKS = YES;
				GCC_WARN_64_TO_32_BIT_CONVERSION = YES;
				GCC_WARN_ABOUT_RETURN_TYPE = YES_ERROR;
				GCC_WARN_UNDECLARED_SELECTOR = YES;
				GCC_WARN_UNINITIALIZED_AUTOS = YES_AGGRESSIVE;
				GCC_WARN_UNUSED_FUNCTION = YES;
				GCC_WARN_UNUSED_VARIABLE = YES;
				IPHONEOS_DEPLOYMENT_TARGET = 14.0;
				MTL_ENABLE_DEBUG_INFO = NO;
				MTL_FAST_MATH = YES;
				SDKROOT = iphoneos;
				SWIFT_COMPILATION_MODE = wholemodule;
				SWIFT_OPTIMIZATION_LEVEL = "-O";
				VALIDATE_PRODUCT = YES;
			};
			name = Release;
		};
		B3BCC53A251DB74D001F3963 /* Debug */ = {
			isa = XCBuildConfiguration;
			buildSettings = {
				ASSETCATALOG_COMPILER_APPICON_NAME = AppIcon;
				ASSETCATALOG_COMPILER_GLOBAL_ACCENT_COLOR_NAME = AccentColor;
				CODE_SIGN_STYLE = Automatic;
				DEVELOPMENT_TEAM = FN3375E34H;
				INFOPLIST_FILE = QuizGame/Info.plist;
				LD_RUNPATH_SEARCH_PATHS = (
					"$(inherited)",
					"@executable_path/Frameworks",
				);
				PRODUCT_BUNDLE_IDENTIFIER = AcyonixStudios.QuizGame;
				PRODUCT_NAME = "$(TARGET_NAME)";
				SWIFT_VERSION = 5.0;
				TARGETED_DEVICE_FAMILY = "1,2";
			};
			name = Debug;
		};
		B3BCC53B251DB74D001F3963 /* Release */ = {
			isa = XCBuildConfiguration;
			buildSettings = {
				ASSETCATALOG_COMPILER_APPICON_NAME = AppIcon;
				ASSETCATALOG_COMPILER_GLOBAL_ACCENT_COLOR_NAME = AccentColor;
				CODE_SIGN_STYLE = Automatic;
				DEVELOPMENT_TEAM = FN3375E34H;
				INFOPLIST_FILE = QuizGame/Info.plist;
				LD_RUNPATH_SEARCH_PATHS = (
					"$(inherited)",
					"@executable_path/Frameworks",
				);
				PRODUCT_BUNDLE_IDENTIFIER = AcyonixStudios.QuizGame;
				PRODUCT_NAME = "$(TARGET_NAME)";
				SWIFT_VERSION = 5.0;
				TARGETED_DEVICE_FAMILY = "1,2";
			};
			name = Release;
		};
		B3BCC53D251DB74D001F3963 /* Debug */ = {
			isa = XCBuildConfiguration;
			buildSettings = {
				ALWAYS_EMBED_SWIFT_STANDARD_LIBRARIES = YES;
				BUNDLE_LOADER = "$(TEST_HOST)";
				CODE_SIGN_STYLE = Automatic;
				DEVELOPMENT_TEAM = FN3375E34H;
				INFOPLIST_FILE = QuizGameTests/Info.plist;
				IPHONEOS_DEPLOYMENT_TARGET = 14.0;
				LD_RUNPATH_SEARCH_PATHS = (
					"$(inherited)",
					"@executable_path/Frameworks",
					"@loader_path/Frameworks",
				);
				PRODUCT_BUNDLE_IDENTIFIER = AcyonixStudios.QuizGameTests;
				PRODUCT_NAME = "$(TARGET_NAME)";
				SWIFT_VERSION = 5.0;
				TARGETED_DEVICE_FAMILY = "1,2";
				TEST_HOST = "$(BUILT_PRODUCTS_DIR)/QuizGame.app/QuizGame";
			};
			name = Debug;
		};
		B3BCC53E251DB74D001F3963 /* Release */ = {
			isa = XCBuildConfiguration;
			buildSettings = {
				ALWAYS_EMBED_SWIFT_STANDARD_LIBRARIES = YES;
				BUNDLE_LOADER = "$(TEST_HOST)";
				CODE_SIGN_STYLE = Automatic;
				DEVELOPMENT_TEAM = FN3375E34H;
				INFOPLIST_FILE = QuizGameTests/Info.plist;
				IPHONEOS_DEPLOYMENT_TARGET = 14.0;
				LD_RUNPATH_SEARCH_PATHS = (
					"$(inherited)",
					"@executable_path/Frameworks",
					"@loader_path/Frameworks",
				);
				PRODUCT_BUNDLE_IDENTIFIER = AcyonixStudios.QuizGameTests;
				PRODUCT_NAME = "$(TARGET_NAME)";
				SWIFT_VERSION = 5.0;
				TARGETED_DEVICE_FAMILY = "1,2";
				TEST_HOST = "$(BUILT_PRODUCTS_DIR)/QuizGame.app/QuizGame";
			};
			name = Release;
		};
		B3BCC540251DB74D001F3963 /* Debug */ = {
			isa = XCBuildConfiguration;
			buildSettings = {
				ALWAYS_EMBED_SWIFT_STANDARD_LIBRARIES = YES;
				CODE_SIGN_STYLE = Automatic;
				DEVELOPMENT_TEAM = FN3375E34H;
				INFOPLIST_FILE = QuizGameUITests/Info.plist;
				LD_RUNPATH_SEARCH_PATHS = (
					"$(inherited)",
					"@executable_path/Frameworks",
					"@loader_path/Frameworks",
				);
				PRODUCT_BUNDLE_IDENTIFIER = AcyonixStudios.QuizGameUITests;
				PRODUCT_NAME = "$(TARGET_NAME)";
				SWIFT_VERSION = 5.0;
				TARGETED_DEVICE_FAMILY = "1,2";
				TEST_TARGET_NAME = QuizGame;
			};
			name = Debug;
		};
		B3BCC541251DB74D001F3963 /* Release */ = {
			isa = XCBuildConfiguration;
			buildSettings = {
				ALWAYS_EMBED_SWIFT_STANDARD_LIBRARIES = YES;
				CODE_SIGN_STYLE = Automatic;
				DEVELOPMENT_TEAM = FN3375E34H;
				INFOPLIST_FILE = QuizGameUITests/Info.plist;
				LD_RUNPATH_SEARCH_PATHS = (
					"$(inherited)",
					"@executable_path/Frameworks",
					"@loader_path/Frameworks",
				);
				PRODUCT_BUNDLE_IDENTIFIER = AcyonixStudios.QuizGameUITests;
				PRODUCT_NAME = "$(TARGET_NAME)";
				SWIFT_VERSION = 5.0;
				TARGETED_DEVICE_FAMILY = "1,2";
				TEST_TARGET_NAME = QuizGame;
			};
			name = Release;
		};
/* End XCBuildConfiguration section */

/* Begin XCConfigurationList section */
		B3BCC50A251DB74B001F3963 /* Build configuration list for PBXProject "QuizGame" */ = {
			isa = XCConfigurationList;
			buildConfigurations = (
				B3BCC537251DB74D001F3963 /* Debug */,
				B3BCC538251DB74D001F3963 /* Release */,
			);
			defaultConfigurationIsVisible = 0;
			defaultConfigurationName = Release;
		};
		B3BCC539251DB74D001F3963 /* Build configuration list for PBXNativeTarget "QuizGame" */ = {
			isa = XCConfigurationList;
			buildConfigurations = (
				B3BCC53A251DB74D001F3963 /* Debug */,
				B3BCC53B251DB74D001F3963 /* Release */,
			);
			defaultConfigurationIsVisible = 0;
			defaultConfigurationName = Release;
		};
		B3BCC53C251DB74D001F3963 /* Build configuration list for PBXNativeTarget "QuizGameTests" */ = {
			isa = XCConfigurationList;
			buildConfigurations = (
				B3BCC53D251DB74D001F3963 /* Debug */,
				B3BCC53E251DB74D001F3963 /* Release */,
			);
			defaultConfigurationIsVisible = 0;
			defaultConfigurationName = Release;
		};
		B3BCC53F251DB74D001F3963 /* Build configuration list for PBXNativeTarget "QuizGameUITests" */ = {
			isa = XCConfigurationList;
			buildConfigurations = (
				B3BCC540251DB74D001F3963 /* Debug */,
				B3BCC541251DB74D001F3963 /* Release */,
			);
			defaultConfigurationIsVisible = 0;
			defaultConfigurationName = Release;
		};
/* End XCConfigurationList section */
	};
	rootObject = B3BCC507251DB74B001F3963 /* Project object */;
}
